
Microsoft Visual Studio Solution File, Format Version 12.00
# Visual Studio Version 16
VisualStudioVersion = 16.0.30114.105
MinimumVisualStudioVersion = 10.0.40219.1
Project("{FAE04EC0-301F-11D3-BF4B-00C04F79EFBC}") = "PokeApi", "PokeApi\PokeApi.csproj", "{33B440E6-286A-4B06-80C9-FE9F530C9CB4}"
EndProject
Project("{FAE04EC0-301F-11D3-BF4B-00C04F79EFBC}") = "Tests", "Tests\Tests.csproj", "{AA383513-78D9-494B-889D-D8EF52BC8B77}"
EndProject
Global
	GlobalSection(SolutionConfigurationPlatforms) = preSolution
		Debug|Any CPU = Debug|Any CPU
		Debug|x64 = Debug|x64
		Debug|x86 = Debug|x86
		Release|Any CPU = Release|Any CPU
		Release|x64 = Release|x64
		Release|x86 = Release|x86
	EndGlobalSection
	GlobalSection(SolutionProperties) = preSolution
		HideSolutionNode = FALSE
	EndGlobalSection
	GlobalSection(ProjectConfigurationPlatforms) = postSolution
		{33B440E6-286A-4B06-80C9-FE9F530C9CB4}.Debug|Any CPU.ActiveCfg = Debug|Any CPU
		{33B440E6-286A-4B06-80C9-FE9F530C9CB4}.Debug|Any CPU.Build.0 = Debug|Any CPU
		{33B440E6-286A-4B06-80C9-FE9F530C9CB4}.Debug|x64.ActiveCfg = Debug|Any CPU
		{33B440E6-286A-4B06-80C9-FE9F530C9CB4}.Debug|x64.Build.0 = Debug|Any CPU
		{33B440E6-286A-4B06-80C9-FE9F530C9CB4}.Debug|x86.ActiveCfg = Debug|Any CPU
		{33B440E6-286A-4B06-80C9-FE9F530C9CB4}.Debug|x86.Build.0 = Debug|Any CPU
		{33B440E6-286A-4B06-80C9-FE9F530C9CB4}.Release|Any CPU.ActiveCfg = Release|Any CPU
		{33B440E6-286A-4B06-80C9-FE9F530C9CB4}.Release|Any CPU.Build.0 = Release|Any CPU
		{33B440E6-286A-4B06-80C9-FE9F530C9CB4}.Release|x64.ActiveCfg = Release|Any CPU
		{33B440E6-286A-4B06-80C9-FE9F530C9CB4}.Release|x64.Build.0 = Release|Any CPU
		{33B440E6-286A-4B06-80C9-FE9F530C9CB4}.Release|x86.ActiveCfg = Release|Any CPU
		{33B440E6-286A-4B06-80C9-FE9F530C9CB4}.Release|x86.Build.0 = Release|Any CPU
		{AA383513-78D9-494B-889D-D8EF52BC8B77}.Debug|Any CPU.ActiveCfg = Debug|Any CPU
		{AA383513-78D9-494B-889D-D8EF52BC8B77}.Debug|Any CPU.Build.0 = Debug|Any CPU
		{AA383513-78D9-494B-889D-D8EF52BC8B77}.Debug|x64.ActiveCfg = Debug|Any CPU
		{AA383513-78D9-494B-889D-D8EF52BC8B77}.Debug|x64.Build.0 = Debug|Any CPU
		{AA383513-78D9-494B-889D-D8EF52BC8B77}.Debug|x86.ActiveCfg = Debug|Any CPU
		{AA383513-78D9-494B-889D-D8EF52BC8B77}.Debug|x86.Build.0 = Debug|Any CPU
		{AA383513-78D9-494B-889D-D8EF52BC8B77}.Release|Any CPU.ActiveCfg = Release|Any CPU
		{AA383513-78D9-494B-889D-D8EF52BC8B77}.Release|Any CPU.Build.0 = Release|Any CPU
		{AA383513-78D9-494B-889D-D8EF52BC8B77}.Release|x64.ActiveCfg = Release|Any CPU
		{AA383513-78D9-494B-889D-D8EF52BC8B77}.Release|x64.Build.0 = Release|Any CPU
		{AA383513-78D9-494B-889D-D8EF52BC8B77}.Release|x86.ActiveCfg = Release|Any CPU
		{AA383513-78D9-494B-889D-D8EF52BC8B77}.Release|x86.Build.0 = Release|Any CPU
	EndGlobalSection
EndGlobal
